
Microsoft Visual Studio Solution File, Format Version 12.00
# Visual Studio 15
VisualStudioVersion = 15.0.26730.15
MinimumVisualStudioVersion = 10.0.40219.1
Project("{FAE04EC0-301F-11D3-BF4B-00C04F79EFBC}") = "WebAPI-Project1", "WebAPI-Project1\WebAPI-Project1.csproj", "{0F03D6A0-CD3A-417C-B402-7E24E596B703}"
EndProject
Project("{FAE04EC0-301F-11D3-BF4B-00C04F79EFBC}") = "WebAPI-Project1Test", "WebAPI-Project1Test\WebAPI-Project1Test.csproj", "{C19B9B3D-1B88-4F9A-ABDF-FA53A18140BB}"
EndProject
Global
	GlobalSection(SolutionConfigurationPlatforms) = preSolution
		Debug|Any CPU = Debug|Any CPU
		Release|Any CPU = Release|Any CPU
	EndGlobalSection
	GlobalSection(ProjectConfigurationPlatforms) = postSolution
		{0F03D6A0-CD3A-417C-B402-7E24E596B703}.Debug|Any CPU.ActiveCfg = Debug|Any CPU
		{0F03D6A0-CD3A-417C-B402-7E24E596B703}.Debug|Any CPU.Build.0 = Debug|Any CPU
		{0F03D6A0-CD3A-417C-B402-7E24E596B703}.Release|Any CPU.ActiveCfg = Release|Any CPU
		{0F03D6A0-CD3A-417C-B402-7E24E596B703}.Release|Any CPU.Build.0 = Release|Any CPU
		{C19B9B3D-1B88-4F9A-ABDF-FA53A18140BB}.Debug|Any CPU.ActiveCfg = Debug|Any CPU
		{C19B9B3D-1B88-4F9A-ABDF-FA53A18140BB}.Debug|Any CPU.Build.0 = Debug|Any CPU
		{C19B9B3D-1B88-4F9A-ABDF-FA53A18140BB}.Release|Any CPU.ActiveCfg = Release|Any CPU
		{C19B9B3D-1B88-4F9A-ABDF-FA53A18140BB}.Release|Any CPU.Build.0 = Release|Any CPU
	EndGlobalSection
	GlobalSection(SolutionProperties) = preSolution
		HideSolutionNode = FALSE
	EndGlobalSection
	GlobalSection(ExtensibilityGlobals) = postSolution
		SolutionGuid = {C7823B34-CB8D-465D-B05E-4C97F62283C8}
	EndGlobalSection
EndGlobal
